
Microsoft Visual Studio Solution File, Format Version 12.00
# Visual Studio Version 16
VisualStudioVersion = 16.0.29911.84
MinimumVisualStudioVersion = 10.0.40219.1
Project("{9A19103F-16F7-4668-BE54-9A1E7A4F7556}") = "Environmentalist", "Environmentalist.csproj", "{BDF6165D-7D1B-47B9-B7BD-0FF098F68C2E}"
EndProject
Global
	GlobalSection(SolutionConfigurationPlatforms) = preSolution
		Debug|Any CPU = Debug|Any CPU
		Release|Any CPU = Release|Any CPU
	EndGlobalSection
	GlobalSection(ProjectConfigurationPlatforms) = postSolution
		{BDF6165D-7D1B-47B9-B7BD-0FF098F68C2E}.Debug|Any CPU.ActiveCfg = Debug|Any CPU
		{BDF6165D-7D1B-47B9-B7BD-0FF098F68C2E}.Debug|Any CPU.Build.0 = Debug|Any CPU
		{BDF6165D-7D1B-47B9-B7BD-0FF098F68C2E}.Release|Any CPU.ActiveCfg = Release|Any CPU
		{BDF6165D-7D1B-47B9-B7BD-0FF098F68C2E}.Release|Any CPU.Build.0 = Release|Any CPU
	EndGlobalSection
	GlobalSection(SolutionProperties) = preSolution
		HideSolutionNode = FALSE
	EndGlobalSection
	GlobalSection(ExtensibilityGlobals) = postSolution
		SolutionGuid = {FEC68192-1662-4BAA-98A1-15D5BD33AD0B}
	EndGlobalSection
EndGlobal
